
Microsoft Visual Studio Solution File, Format Version 12.00
# Visual Studio Version 16
VisualStudioVersion = 16.0.30503.244
MinimumVisualStudioVersion = 10.0.40219.1
Project("{FAE04EC0-301F-11D3-BF4B-00C04F79EFBC}") = "NotBotCounter", "NotBotCounter\NotBotCounter.csproj", "{2C943516-6889-4D41-A23C-4CABD73B7BF4}"
EndProject
Global
	GlobalSection(SolutionConfigurationPlatforms) = preSolution
		Debug|Any CPU = Debug|Any CPU
		Release|Any CPU = Release|Any CPU
	EndGlobalSection
	GlobalSection(ProjectConfigurationPlatforms) = postSolution
		{2C943516-6889-4D41-A23C-4CABD73B7BF4}.Debug|Any CPU.ActiveCfg = Debug|Any CPU
		{2C943516-6889-4D41-A23C-4CABD73B7BF4}.Debug|Any CPU.Build.0 = Debug|Any CPU
		{2C943516-6889-4D41-A23C-4CABD73B7BF4}.Release|Any CPU.ActiveCfg = Release|Any CPU
		{2C943516-6889-4D41-A23C-4CABD73B7BF4}.Release|Any CPU.Build.0 = Release|Any CPU
	EndGlobalSection
	GlobalSection(SolutionProperties) = preSolution
		HideSolutionNode = FALSE
	EndGlobalSection
	GlobalSection(ExtensibilityGlobals) = postSolution
		SolutionGuid = {5DCD9E0D-0007-471A-B04D-C77B29B3C813}
	EndGlobalSection
EndGlobal
